dependencies:
- name: prometheus
  repository: https://kubernetes-charts.storage.googleapis.com
  version: 6.7.0
- name: grafana
  repository: https://kubernetes-charts.storage.googleapis.com
  version: 1.17.2
digest: sha256:553e989762b4c66e25ba52663381f8b683f9359e74edea9e7fcdde08591ee382
generated: 2018-10-30T09:14:51.852008073Z
