dependencies:
- name: prometheus
  repository: https://kubernetes-charts.storage.googleapis.com
  version: 7.3.6
- name: grafana
  repository: https://kubernetes-charts.storage.googleapis.com
  version: 1.17.2
digest: sha256:b22a7fc54849e8e942a98946bf95a6171e8f0c15c04ba707666e4c55588fbd95
generated: 2019-01-08T09:17:45.643715453Z
